
Microsoft Visual Studio Solution File, Format Version 12.00
# Visual Studio Version 16
VisualStudioVersion = 16.0.32407.337
MinimumVisualStudioVersion = 10.0.40219.1
Project("{FAE04EC0-301F-11D3-BF4B-00C04F79EFBC}") = "HelloWeather", "HelloWeather\HelloWeather.csproj", "{D0A3EE7B-B33A-4862-B0C4-114384ADB60E}"
EndProject
Global
	GlobalSection(SolutionConfigurationPlatforms) = preSolution
		Debug|Any CPU = Debug|Any CPU
		Release|Any CPU = Release|Any CPU
	EndGlobalSection
	GlobalSection(ProjectConfigurationPlatforms) = postSolution
		{D0A3EE7B-B33A-4862-B0C4-114384ADB60E}.Debug|Any CPU.ActiveCfg = Debug|Any CPU
		{D0A3EE7B-B33A-4862-B0C4-114384ADB60E}.Debug|Any CPU.Build.0 = Debug|Any CPU
		{D0A3EE7B-B33A-4862-B0C4-114384ADB60E}.Release|Any CPU.ActiveCfg = Release|Any CPU
		{D0A3EE7B-B33A-4862-B0C4-114384ADB60E}.Release|Any CPU.Build.0 = Release|Any CPU
	EndGlobalSection
	GlobalSection(SolutionProperties) = preSolution
		HideSolutionNode = FALSE
	EndGlobalSection
	GlobalSection(ExtensibilityGlobals) = postSolution
		SolutionGuid = {8AC3DB21-7709-4F7F-91EE-06A439E3D1B1}
	EndGlobalSection
EndGlobal
